
Microsoft Visual Studio Solution File, Format Version 12.00
# Visual Studio Version 17
VisualStudioVersion = 17.8.34525.116
MinimumVisualStudioVersion = 10.0.40219.1
Project("{FAE04EC0-301F-11D3-BF4B-00C04F79EFBC}") = "AuctionsApp", "AuctionsApp.csproj", "{0FCB2D8B-FD81-4400-9DE6-A4A738BBFAC7}"
EndProject
Global
	GlobalSection(SolutionConfigurationPlatforms) = preSolution
		Debug|Any CPU = Debug|Any CPU
		Release|Any CPU = Release|Any CPU
	EndGlobalSection
	GlobalSection(ProjectConfigurationPlatforms) = postSolution
		{0FCB2D8B-FD81-4400-9DE6-A4A738BBFAC7}.Debug|Any CPU.ActiveCfg = Debug|Any CPU
		{0FCB2D8B-FD81-4400-9DE6-A4A738BBFAC7}.Debug|Any CPU.Build.0 = Debug|Any CPU
		{0FCB2D8B-FD81-4400-9DE6-A4A738BBFAC7}.Release|Any CPU.ActiveCfg = Release|Any CPU
		{0FCB2D8B-FD81-4400-9DE6-A4A738BBFAC7}.Release|Any CPU.Build.0 = Release|Any CPU
	EndGlobalSection
	GlobalSection(SolutionProperties) = preSolution
		HideSolutionNode = FALSE
	EndGlobalSection
	GlobalSection(ExtensibilityGlobals) = postSolution
		SolutionGuid = {0811C353-BCD5-44B8-B4BA-84C9F51D1BA0}
	EndGlobalSection
EndGlobal
